
Microsoft Visual Studio Solution File, Format Version 12.00
# Visual Studio Version 17
VisualStudioVersion = 17.4.33213.308
MinimumVisualStudioVersion = 10.0.40219.1
Project("{9A19103F-16F7-4668-BE54-9A1E7A4F7556}") = "FeedbacksManagementApi", "FeedbacksManagementApi\FeedbacksManagementApi.csproj", "{74DD0490-76AC-43C3-B840-A129376CBEC1}"
EndProject
Project("{9A19103F-16F7-4668-BE54-9A1E7A4F7556}") = "Domain", "Domain\Domain.csproj", "{55B1B4EE-B412-42F8-B8B4-29735FE04109}"
EndProject
Project("{9A19103F-16F7-4668-BE54-9A1E7A4F7556}") = "Infrastructure", "Infrastructure\Infrastructure.csproj", "{72F31BA5-C08D-48BE-9FAE-DCBAF074414F}"
EndProject
Project("{9A19103F-16F7-4668-BE54-9A1E7A4F7556}") = "FeedbackManagementWeb", "FeedbackManagementWeb\FeedbackManagementWeb.csproj", "{7ACC9AF2-5000-4F86-A3AC-850F928BEE98}"
EndProject
Global
	GlobalSection(SolutionConfigurationPlatforms) = preSolution
		Debug|Any CPU = Debug|Any CPU
		Release|Any CPU = Release|Any CPU
	EndGlobalSection
	GlobalSection(ProjectConfigurationPlatforms) = postSolution
		{74DD0490-76AC-43C3-B840-A129376CBEC1}.Debug|Any CPU.ActiveCfg = Debug|Any CPU
		{74DD0490-76AC-43C3-B840-A129376CBEC1}.Debug|Any CPU.Build.0 = Debug|Any CPU
		{74DD0490-76AC-43C3-B840-A129376CBEC1}.Release|Any CPU.ActiveCfg = Release|Any CPU
		{74DD0490-76AC-43C3-B840-A129376CBEC1}.Release|Any CPU.Build.0 = Release|Any CPU
		{55B1B4EE-B412-42F8-B8B4-29735FE04109}.Debug|Any CPU.ActiveCfg = Debug|Any CPU
		{55B1B4EE-B412-42F8-B8B4-29735FE04109}.Debug|Any CPU.Build.0 = Debug|Any CPU
		{55B1B4EE-B412-42F8-B8B4-29735FE04109}.Release|Any CPU.ActiveCfg = Release|Any CPU
		{55B1B4EE-B412-42F8-B8B4-29735FE04109}.Release|Any CPU.Build.0 = Release|Any CPU
		{72F31BA5-C08D-48BE-9FAE-DCBAF074414F}.Debug|Any CPU.ActiveCfg = Debug|Any CPU
		{72F31BA5-C08D-48BE-9FAE-DCBAF074414F}.Debug|Any CPU.Build.0 = Debug|Any CPU
		{72F31BA5-C08D-48BE-9FAE-DCBAF074414F}.Release|Any CPU.ActiveCfg = Release|Any CPU
		{72F31BA5-C08D-48BE-9FAE-DCBAF074414F}.Release|Any CPU.Build.0 = Release|Any CPU
		{7ACC9AF2-5000-4F86-A3AC-850F928BEE98}.Debug|Any CPU.ActiveCfg = Debug|Any CPU
		{7ACC9AF2-5000-4F86-A3AC-850F928BEE98}.Debug|Any CPU.Build.0 = Debug|Any CPU
		{7ACC9AF2-5000-4F86-A3AC-850F928BEE98}.Release|Any CPU.ActiveCfg = Release|Any CPU
		{7ACC9AF2-5000-4F86-A3AC-850F928BEE98}.Release|Any CPU.Build.0 = Release|Any CPU
	EndGlobalSection
	GlobalSection(SolutionProperties) = preSolution
		HideSolutionNode = FALSE
	EndGlobalSection
	GlobalSection(ExtensibilityGlobals) = postSolution
		SolutionGuid = {59106F21-FCAF-470C-9DC3-A41905CF23F5}
	EndGlobalSection
EndGlobal
